// !$*UTF8*$!
{
	archiveVersion = 1;
	classes = {
	};
	objectVersion = 55;
	objects = {

/* Begin PBXBuildFile section */
		47A5467328255D5900992486 /* AppDelegate.swift in Sources */ = {isa = PBXBuildFile; fileRef = 47A5467228255D5900992486 /* AppDelegate.swift */; };
		47A5467728255D5900992486 /* ViewController.swift in Sources */ = {isa = PBXBuildFile; fileRef = 47A5467628255D5900992486 /* ViewController.swift */; };
		47A5467A28255D5900992486 /* Main.storyboard in Resources */ = {isa = PBXBuildFile; fileRef = 47A5467828255D5900992486 /* Main.storyboard */; };
		47A5467C28255D5B00992486 /* Assets.xcassets in Resources */ = {isa = PBXBuildFile; fileRef = 47A5467B28255D5B00992486 /* Assets.xcassets */; };
		47A5467F28255D5B00992486 /* LaunchScreen.storyboard in Resources */ = {isa = PBXBuildFile; fileRef = 47A5467D28255D5B00992486 /* LaunchScreen.storyboard */; };
		47A5468728255F1C00992486 /* Coordinator.swift in Sources */ = {isa = PBXBuildFile; fileRef = 47A5468628255F1C00992486 /* Coordinator.swift */; };
		47A5468928255F6700992486 /* MainCoordinator.swift in Sources */ = {isa = PBXBuildFile; fileRef = 47A5468828255F6600992486 /* MainCoordinator.swift */; };
		47A5468B2825611300992486 /* Storyboarded.swift in Sources */ = {isa = PBXBuildFile; fileRef = 47A5468A2825611300992486 /* Storyboarded.swift */; };
		47A5468D282564E700992486 /* BuyViewController.swift in Sources */ = {isa = PBXBuildFile; fileRef = 47A5468C282564E700992486 /* BuyViewController.swift */; };
		47A5468F282564F900992486 /* CreateAccountViewController.swift in Sources */ = {isa = PBXBuildFile; fileRef = 47A5468E282564F900992486 /* CreateAccountViewController.swift */; };
/* End PBXBuildFile section */

/* Begin PBXFileReference section */
		47A5466F28255D5900992486 /* CoordinatorBasic.app */ = {isa = PBXFileReference; explicitFileType = wrapper.application; includeInIndex = 0; path = CoordinatorBasic.app; sourceTree = BUILT_PRODUCTS_DIR; };
		47A5467228255D5900992486 /* AppDelegate.swift */ = {isa = PBXFileReference; lastKnownFileType = sourcecode.swift; path = AppDelegate.swift; sourceTree = "<group>"; };
		47A5467628255D5900992486 /* ViewController.swift */ = {isa = PBXFileReference; lastKnownFileType = sourcecode.swift; path = ViewController.swift; sourceTree = "<group>"; };
		47A5467928255D5900992486 /* Base */ = {isa = PBXFileReference; lastKnownFileType = file.storyboard; name = Base; path = Base.lproj/Main.storyboard; sourceTree = "<group>"; };
		47A5467B28255D5B00992486 /* Assets.xcassets */ = {isa = PBXFileReference; lastKnownFileType = folder.assetcatalog; path = Assets.xcassets; sourceTree = "<group>"; };
		47A5467E28255D5B00992486 /* Base */ = {isa = PBXFileReference; lastKnownFileType = file.storyboard; name = Base; path = Base.lproj/LaunchScreen.storyboard; sourceTree = "<group>"; };
		47A5468028255D5B00992486 /* Info.plist */ = {isa = PBXFileReference; lastKnownFileType = text.plist.xml; path = Info.plist; sourceTree = "<group>"; };
		47A5468628255F1C00992486 /* Coordinator.swift */ = {isa = PBXFileReference; lastKnownFileType = sourcecode.swift; path = Coordinator.swift; sourceTree = "<group>"; };
		47A5468828255F6600992486 /* MainCoordinator.swift */ = {isa = PBXFileReference; lastKnownFileType = sourcecode.swift; path = MainCoordinator.swift; sourceTree = "<group>"; };
		47A5468A2825611300992486 /* Storyboarded.swift */ = {isa = PBXFileReference; lastKnownFileType = sourcecode.swift; path = Storyboarded.swift; sourceTree = "<group>"; };
		47A5468C282564E700992486 /* BuyViewController.swift */ = {isa = PBXFileReference; lastKnownFileType = sourcecode.swift; path = BuyViewController.swift; sourceTree = "<group>"; };
		47A5468E282564F900992486 /* CreateAccountViewController.swift */ = {isa = PBXFileReference; lastKnownFileType = sourcecode.swift; path = CreateAccountViewController.swift; sourceTree = "<group>"; };
/* End PBXFileReference section */

/* Begin PBXFrameworksBuildPhase section */
		47A5466C28255D5900992486 /* Frameworks */ = {
			isa = PBXFrameworksBuildPhase;
			buildActionMask = 2147483647;
			files = (
			);
			runOnlyForDeploymentPostprocessing = 0;
		};
/* End PBXFrameworksBuildPhase section */

/* Begin PBXGroup section */
		47A5466628255D5800992486 = {
			isa = PBXGroup;
			children = (
				47A5467128255D5900992486 /* CoordinatorBasic */,
				47A5467028255D5900992486 /* Products */,
			);
			sourceTree = "<group>";
		};
		47A5467028255D5900992486 /* Products */ = {
			isa = PBXGroup;
			children = (
				47A5466F28255D5900992486 /* CoordinatorBasic.app */,
			);
			name = Products;
			sourceTree = "<group>";
		};
		47A5467128255D5900992486 /* CoordinatorBasic */ = {
			isa = PBXGroup;
			children = (
				47A5467228255D5900992486 /* AppDelegate.swift */,
				47A5467828255D5900992486 /* Main.storyboard */,
				47A5467B28255D5B00992486 /* Assets.xcassets */,
				47A5467D28255D5B00992486 /* LaunchScreen.storyboard */,
				47A5468028255D5B00992486 /* Info.plist */,
				47A5468A2825611300992486 /* Storyboarded.swift */,
				47A5469328256C2700992486 /* ViewController */,
				47A546922825654600992486 /* Coordinator */,
			);
			path = CoordinatorBasic;
			sourceTree = "<group>";
		};
		47A546922825654600992486 /* Coordinator */ = {
			isa = PBXGroup;
			children = (
				47A5468828255F6600992486 /* MainCoordinator.swift */,
				47A5468628255F1C00992486 /* Coordinator.swift */,
			);
			path = Coordinator;
			sourceTree = "<group>";
		};
		47A5469328256C2700992486 /* ViewController */ = {
			isa = PBXGroup;
			children = (
				47A5467628255D5900992486 /* ViewController.swift */,
				47A5468E282564F900992486 /* CreateAccountViewController.swift */,
				47A5468C282564E700992486 /* BuyViewController.swift */,
			);
			path = ViewController;
			sourceTree = "<group>";
		};
/* End PBXGroup section */

/* Begin PBXNativeTarget section */
		47A5466E28255D5900992486 /* CoordinatorBasic */ = {
			isa = PBXNativeTarget;
			buildConfigurationList = 47A5468328255D5B00992486 /* Build configuration list for PBXNativeTarget "CoordinatorBasic" */;
			buildPhases = (
				47A5466B28255D5900992486 /* Sources */,
				47A5466C28255D5900992486 /* Frameworks */,
				47A5466D28255D5900992486 /* Resources */,
			);
			buildRules = (
			);
			dependencies = (
			);
			name = CoordinatorBasic;
			productName = CoordinatorBasic;
			productReference = 47A5466F28255D5900992486 /* CoordinatorBasic.app */;
			productType = "com.apple.product-type.application";
		};
/* End PBXNativeTarget section */

/* Begin PBXProject section */
		47A5466728255D5900992486 /* Project object */ = {
			isa = PBXProject;
			attributes = {
				BuildIndependentTargetsInParallel = 1;
				LastSwiftUpdateCheck = 1330;
				LastUpgradeCheck = 1330;
				TargetAttributes = {
					47A5466E28255D5900992486 = {
						CreatedOnToolsVersion = 13.3.1;
					};
				};
			};
			buildConfigurationList = 47A5466A28255D5900992486 /* Build configuration list for PBXProject "CoordinatorBasic" */;
			compatibilityVersion = "Xcode 13.0";
			developmentRegion = en;
			hasScannedForEncodings = 0;
			knownRegions = (
				en,
				Base,
			);
			mainGroup = 47A5466628255D5800992486;
			productRefGroup = 47A5467028255D5900992486 /* Products */;
			projectDirPath = "";
			projectRoot = "";
			targets = (
				47A5466E28255D5900992486 /* CoordinatorBasic */,
			);
		};
/* End PBXProject section */

/* Begin PBXResourcesBuildPhase section */
		47A5466D28255D5900992486 /* Resources */ = {
			isa = PBXResourcesBuildPhase;
			buildActionMask = 2147483647;
			files = (
				47A5467F28255D5B00992486 /* LaunchScreen.storyboard in Resources */,
				47A5467C28255D5B00992486 /* Assets.xcassets in Resources */,
				47A5467A28255D5900992486 /* Main.storyboard in Resources */,
			);
			runOnlyForDeploymentPostprocessing = 0;
		};
/* End PBXResourcesBuildPhase section */

/* Begin PBXSourcesBuildPhase section */
		47A5466B28255D5900992486 /* Sources */ = {
			isa = PBXSourcesBuildPhase;
			buildActionMask = 2147483647;
			files = (
				47A5468F282564F900992486 /* CreateAccountViewController.swift in Sources */,
				47A5467728255D5900992486 /* ViewController.swift in Sources */,
				47A5468928255F6700992486 /* MainCoordinator.swift in Sources */,
				47A5468B2825611300992486 /* Storyboarded.swift in Sources */,
				47A5467328255D5900992486 /* AppDelegate.swift in Sources */,
				47A5468728255F1C00992486 /* Coordinator.swift in Sources */,
				47A5468D282564E700992486 /* BuyViewController.swift in Sources */,
			);
			runOnlyForDeploymentPostprocessing = 0;
		};
/* End PBXSourcesBuildPhase section */

/* Begin PBXVariantGroup section */
		47A5467828255D5900992486 /* Main.storyboard */ = {
			isa = PBXVariantGroup;
			children = (
				47A5467928255D5900992486 /* Base */,
			);
			name = Main.storyboard;
			sourceTree = "<group>";
		};
		47A5467D28255D5B00992486 /* LaunchScreen.storyboard */ = {
			isa = PBXVariantGroup;
			children = (
				47A5467E28255D5B00992486 /* Base */,
			);
			name = LaunchScreen.storyboard;
			sourceTree = "<group>";
		};
/* End PBXVariantGroup section */

/* Begin XCBuildConfiguration section */
		47A5468128255D5B00992486 /* Debug */ = {
			isa = XCBuildConfiguration;
			buildSettings = {
				ALWAYS_SEARCH_USER_PATHS = NO;
				CLANG_ANALYZER_NONNULL = YES;
				CLANG_ANALYZER_NUMBER_OBJECT_CONVERSION = YES_AGGRESSIVE;
				CLANG_CXX_LANGUAGE_STANDARD = "gnu++17";
				CLANG_ENABLE_MODULES = YES;
				CLANG_ENABLE_OBJC_ARC = YES;
				CLANG_ENABLE_OBJC_WEAK = YES;
				CLANG_WARN_BLOCK_CAPTURE_AUTORELEASING = YES;
				CLANG_WARN_BOOL_CONVERSION = YES;
				CLANG_WARN_COMMA = YES;
				CLANG_WARN_CONSTANT_CONVERSION = YES;
				CLANG_WARN_DEPRECATED_OBJC_IMPLEMENTATIONS = YES;
				CLANG_WARN_DIRECT_OBJC_ISA_USAGE = YES_ERROR;
				CLANG_WARN_DOCUMENTATION_COMMENTS = YES;
				CLANG_WARN_EMPTY_BODY = YES;
				CLANG_WARN_ENUM_CONVERSION = YES;
				CLANG_WARN_INFINITE_RECURSION = YES;
				CLANG_WARN_INT_CONVERSION = YES;
				CLANG_WARN_NON_LITERAL_NULL_CONVERSION = YES;
				CLANG_WARN_OBJC_IMPLICIT_RETAIN_SELF = YES;
				CLANG_WARN_OBJC_LITERAL_CONVERSION = YES;
				CLANG_WARN_OBJC_ROOT_CLASS = YES_ERROR;
				CLANG_WARN_QUOTED_INCLUDE_IN_FRAMEWORK_HEADER = YES;
				CLANG_WARN_RANGE_LOOP_ANALYSIS = YES;
				CLANG_WARN_STRICT_PROTOTYPES = YES;
				CLANG_WARN_SUSPICIOUS_MOVE = YES;
				CLANG_WARN_UNGUARDED_AVAILABILITY = YES_AGGRESSIVE;
				CLANG_WARN_UNREACHABLE_CODE = YES;
				CLANG_WARN__DUPLICATE_METHOD_MATCH = YES;
				COPY_PHASE_STRIP = NO;
				DEBUG_INFORMATION_FORMAT = dwarf;
				ENABLE_STRICT_OBJC_MSGSEND = YES;
				ENABLE_TESTABILITY = YES;
				GCC_C_LANGUAGE_STANDARD = gnu11;
				GCC_DYNAMIC_NO_PIC = NO;
				GCC_NO_COMMON_BLOCKS = YES;
				GCC_OPTIMIZATION_LEVEL = 0;
				GCC_PREPROCESSOR_DEFINITIONS = (
					"DEBUG=1",
					"$(inherited)",
				);
				GCC_WARN_64_TO_32_BIT_CONVERSION = YES;
				GCC_WARN_ABOUT_RETURN_TYPE = YES_ERROR;
				GCC_WARN_UNDECLARED_SELECTOR = YES;
				GCC_WARN_UNINITIALIZED_AUTOS = YES_AGGRESSIVE;
				GCC_WARN_UNUSED_FUNCTION = YES;
				GCC_WARN_UNUSED_VARIABLE = YES;
				IPHONEOS_DEPLOYMENT_TARGET = 15.4;
				MTL_ENABLE_DEBUG_INFO = INCLUDE_SOURCE;
				MTL_FAST_MATH = YES;
				ONLY_ACTIVE_ARCH = YES;
				SDKROOT = iphoneos;
				SWIFT_ACTIVE_COMPILATION_CONDITIONS = DEBUG;
				SWIFT_OPTIMIZATION_LEVEL = "-Onone";
			};
			name = Debug;
		};
		47A5468228255D5B00992486 /* Release */ = {
			isa = XCBuildConfiguration;
			buildSettings = {
				ALWAYS_SEARCH_USER_PATHS = NO;
				CLANG_ANALYZER_NONNULL = YES;
				CLANG_ANALYZER_NUMBER_OBJECT_CONVERSION = YES_AGGRESSIVE;
				CLANG_CXX_LANGUAGE_STANDARD = "gnu++17";
				CLANG_ENABLE_MODULES = YES;
				CLANG_ENABLE_OBJC_ARC = YES;
				CLANG_ENABLE_OBJC_WEAK = YES;
				CLANG_WARN_BLOCK_CAPTURE_AUTORELEASING = YES;
				CLANG_WARN_BOOL_CONVERSION = YES;
				CLANG_WARN_COMMA = YES;
				CLANG_WARN_CONSTANT_CONVERSION = YES;
				CLANG_WARN_DEPRECATED_OBJC_IMPLEMENTATIONS = YES;
				CLANG_WARN_DIRECT_OBJC_ISA_USAGE = YES_ERROR;
				CLANG_WARN_DOCUMENTATION_COMMENTS = YES;
				CLANG_WARN_EMPTY_BODY = YES;
				CLANG_WARN_ENUM_CONVERSION = YES;
				CLANG_WARN_INFINITE_RECURSION = YES;
				CLANG_WARN_INT_CONVERSION = YES;
				CLANG_WARN_NON_LITERAL_NULL_CONVERSION = YES;
				CLANG_WARN_OBJC_IMPLICIT_RETAIN_SELF = YES;
				CLANG_WARN_OBJC_LITERAL_CONVERSION = YES;
				CLANG_WARN_OBJC_ROOT_CLASS = YES_ERROR;
				CLANG_WARN_QUOTED_INCLUDE_IN_FRAMEWORK_HEADER = YES;
				CLANG_WARN_RANGE_LOOP_ANALYSIS = YES;
				CLANG_WARN_STRICT_PROTOTYPES = YES;
				CLANG_WARN_SUSPICIOUS_MOVE = YES;
				CLANG_WARN_UNGUARDED_AVAILABILITY = YES_AGGRESSIVE;
				CLANG_WARN_UNREACHABLE_CODE = YES;
				CLANG_WARN__DUPLICATE_METHOD_MATCH = YES;
				COPY_PHASE_STRIP = NO;
				DEBUG_INFORMATION_FORMAT = "dwarf-with-dsym";
				ENABLE_NS_ASSERTIONS = NO;
				ENABLE_STRICT_OBJC_MSGSEND = YES;
				GCC_C_LANGUAGE_STANDARD = gnu11;
				GCC_NO_COMMON_BLOCKS = YES;
				GCC_WARN_64_TO_32_BIT_CONVERSION = YES;
				GCC_WARN_ABOUT_RETURN_TYPE = YES_ERROR;
				GCC_WARN_UNDECLARED_SELECTOR = YES;
				GCC_WARN_UNINITIALIZED_AUTOS = YES_AGGRESSIVE;
				GCC_WARN_UNUSED_FUNCTION = YES;
				GCC_WARN_UNUSED_VARIABLE = YES;
				IPHONEOS_DEPLOYMENT_TARGET = 15.4;
				MTL_ENABLE_DEBUG_INFO = NO;
				MTL_FAST_MATH = YES;
				SDKROOT = iphoneos;
				SWIFT_COMPILATION_MODE = wholemodule;
				SWIFT_OPTIMIZATION_LEVEL = "-O";
				VALIDATE_PRODUCT = YES;
			};
			name = Release;
		};
		47A5468428255D5B00992486 /* Debug */ = {
			isa = XCBuildConfiguration;
			buildSettings = {
				ASSETCATALOG_COMPILER_APPICON_NAME = AppIcon;
				ASSETCATALOG_COMPILER_GLOBAL_ACCENT_COLOR_NAME = AccentColor;
				CODE_SIGN_STYLE = Automatic;
				CURRENT_PROJECT_VERSION = 1;
				DEVELOPMENT_TEAM = ZS4FNRT2LT;
				GENERATE_INFOPLIST_FILE = YES;
				INFOPLIST_FILE = CoordinatorBasic/Info.plist;
				INFOPLIST_KEY_UIApplicationSupportsIndirectInputEvents = YES;
				INFOPLIST_KEY_UILaunchStoryboardName = LaunchScreen;
				INFOPLIST_KEY_UIMainStoryboardFile = Main;
				INFOPLIST_KEY_UISupportedInterfaceOrientations_iPad = "UIInterfaceOrientationPortrait UIInterfaceOrientationPortraitUpsideDown UIInterfaceOrientationLandscapeLeft UIInterfaceOrientationLandscapeRight";
				INFOPLIST_KEY_UISupportedInterfaceOrientations_iPhone = "UIInterfaceOrientationPortrait UIInterfaceOrientationLandscapeLeft UIInterfaceOrientationLandscapeRight";
				LD_RUNPATH_SEARCH_PATHS = (
					"$(inherited)",
					"@executable_path/Frameworks",
				);
				MARKETING_VERSION = 1.0;
				PRODUCT_BUNDLE_IDENTIFIER = com.wansoo.CoordinatorBasic;
				PRODUCT_NAME = "$(TARGET_NAME)";
				SWIFT_EMIT_LOC_STRINGS = YES;
				SWIFT_VERSION = 5.0;
				TARGETED_DEVICE_FAMILY = "1,2";
			};
			name = Debug;
		};
		47A5468528255D5B00992486 /* Release */ = {
			isa = XCBuildConfiguration;
			buildSettings = {
				ASSETCATALOG_COMPILER_APPICON_NAME = AppIcon;
				ASSETCATALOG_COMPILER_GLOBAL_ACCENT_COLOR_NAME = AccentColor;
				CODE_SIGN_STYLE = Automatic;
				CURRENT_PROJECT_VERSION = 1;
				DEVELOPMENT_TEAM = ZS4FNRT2LT;
				GENERATE_INFOPLIST_FILE = YES;
				INFOPLIST_FILE = CoordinatorBasic/Info.plist;
				INFOPLIST_KEY_UIApplicationSupportsIndirectInputEvents = YES;
				INFOPLIST_KEY_UILaunchStoryboardName = LaunchScreen;
				INFOPLIST_KEY_UIMainStoryboardFile = Main;
				INFOPLIST_KEY_UISupportedInterfaceOrientations_iPad = "UIInterfaceOrientationPortrait UIInterfaceOrientationPortraitUpsideDown UIInterfaceOrientationLandscapeLeft UIInterfaceOrientationLandscapeRight";
				INFOPLIST_KEY_UISupportedInterfaceOrientations_iPhone = "UIInterfaceOrientationPortrait UIInterfaceOrientationLandscapeLeft UIInterfaceOrientationLandscapeRight";
				LD_RUNPATH_SEARCH_PATHS = (
					"$(inherited)",
					"@executable_path/Frameworks",
				);
				MARKETING_VERSION = 1.0;
				PRODUCT_BUNDLE_IDENTIFIER = com.wansoo.CoordinatorBasic;
				PRODUCT_NAME = "$(TARGET_NAME)";
				SWIFT_EMIT_LOC_STRINGS = YES;
				SWIFT_VERSION = 5.0;
				TARGETED_DEVICE_FAMILY = "1,2";
			};
			name = Release;
		};
/* End XCBuildConfiguration section */

/* Begin XCConfigurationList section */
		47A5466A28255D5900992486 /* Build configuration list for PBXProject "CoordinatorBasic" */ = {
			isa = XCConfigurationList;
			buildConfigurations = (
				47A5468128255D5B00992486 /* Debug */,
				47A5468228255D5B00992486 /* Release */,
			);
			defaultConfigurationIsVisible = 0;
			defaultConfigurationName = Release;
		};
		47A5468328255D5B00992486 /* Build configuration list for PBXNativeTarget "CoordinatorBasic" */ = {
			isa = XCConfigurationList;
			buildConfigurations = (
				47A5468428255D5B00992486 /* Debug */,
				47A5468528255D5B00992486 /* Release */,
			);
			defaultConfigurationIsVisible = 0;
			defaultConfigurationName = Release;
		};
/* End XCConfigurationList section */
	};
	rootObject = 47A5466728255D5900992486 /* Project object */;
}
